
Microsoft Visual Studio Solution File, Format Version 12.00
# Visual Studio Version 17
VisualStudioVersion = 17.13.35919.96 d17.13
MinimumVisualStudioVersion = 10.0.40219.1
Project("{FAE04EC0-301F-11D3-BF4B-00C04F79EFBC}") = "CinemaTicketBooking", "CinemaTicketBooking.csproj", "{986CF3C8-BF4A-4F4D-804F-511D9F6EAADB}"
EndProject
Global
	GlobalSection(SolutionConfigurationPlatforms) = preSolution
		Debug|Any CPU = Debug|Any CPU
		Release|Any CPU = Release|Any CPU
	EndGlobalSection
	GlobalSection(ProjectConfigurationPlatforms) = postSolution
		{986CF3C8-BF4A-4F4D-804F-511D9F6EAADB}.Debug|Any CPU.ActiveCfg = Debug|Any CPU
		{986CF3C8-BF4A-4F4D-804F-511D9F6EAADB}.Debug|Any CPU.Build.0 = Debug|Any CPU
		{986CF3C8-BF4A-4F4D-804F-511D9F6EAADB}.Release|Any CPU.ActiveCfg = Release|Any CPU
		{986CF3C8-BF4A-4F4D-804F-511D9F6EAADB}.Release|Any CPU.Build.0 = Release|Any CPU
	EndGlobalSection
	GlobalSection(SolutionProperties) = preSolution
		HideSolutionNode = FALSE
	EndGlobalSection
	GlobalSection(ExtensibilityGlobals) = postSolution
		SolutionGuid = {8769B09D-3BDF-48AA-9154-B3A1C8ACB65F}
	EndGlobalSection
EndGlobal
